
Microsoft Visual Studio Solution File, Format Version 12.00
# Visual Studio Version 16
VisualStudioVersion = 16.0.31515.178
MinimumVisualStudioVersion = 10.0.40219.1
Project("{FAE04EC0-301F-11D3-BF4B-00C04F79EFBC}") = "SkillboxHW18", "SkillboxHW18\SkillboxHW18.csproj", "{6BB9C816-804F-430E-A68F-B6BFCD0E6FC5}"
EndProject
Global
	GlobalSection(SolutionConfigurationPlatforms) = preSolution
		Debug|Any CPU = Debug|Any CPU
		Release|Any CPU = Release|Any CPU
	EndGlobalSection
	GlobalSection(ProjectConfigurationPlatforms) = postSolution
		{6BB9C816-804F-430E-A68F-B6BFCD0E6FC5}.Debug|Any CPU.ActiveCfg = Debug|Any CPU
		{6BB9C816-804F-430E-A68F-B6BFCD0E6FC5}.Debug|Any CPU.Build.0 = Debug|Any CPU
		{6BB9C816-804F-430E-A68F-B6BFCD0E6FC5}.Release|Any CPU.ActiveCfg = Release|Any CPU
		{6BB9C816-804F-430E-A68F-B6BFCD0E6FC5}.Release|Any CPU.Build.0 = Release|Any CPU
	EndGlobalSection
	GlobalSection(SolutionProperties) = preSolution
		HideSolutionNode = FALSE
	EndGlobalSection
	GlobalSection(ExtensibilityGlobals) = postSolution
		SolutionGuid = {F9CD96F2-A47E-4802-8F56-C3CC5B3CBA32}
	EndGlobalSection
EndGlobal
